// !$*UTF8*$!
{
	archiveVersion = 1;
	classes = {
	};
	objectVersion = 56;
	objects = {

/* Begin PBXBuildFile section */
		370E227A2920125D007235DC /* AppInfo.swift in Sources */ = {isa = PBXBuildFile; fileRef = 370E22792920125D007235DC /* AppInfo.swift */; };
		37164428291C4561006683F3 /* iHogAppApp.swift in Sources */ = {isa = PBXBuildFile; fileRef = 37164427291C4561006683F3 /* iHogAppApp.swift */; };
		3716442A291C4561006683F3 /* ContentView.swift in Sources */ = {isa = PBXBuildFile; fileRef = 37164429291C4561006683F3 /* ContentView.swift */; };
		3716442C291C4562006683F3 /* Assets.xcassets in Resources */ = {isa = PBXBuildFile; fileRef = 3716442B291C4562006683F3 /* Assets.xcassets */; };
		3716442F291C4562006683F3 /* Preview Assets.xcassets in Resources */ = {isa = PBXBuildFile; fileRef = 3716442E291C4562006683F3 /* Preview Assets.xcassets */; };
		37164431291C4562006683F3 /* Persistence.swift in Sources */ = {isa = PBXBuildFile; fileRef = 37164430291C4562006683F3 /* Persistence.swift */; };
		377BB3AF291CC98500730F97 /* EnvironmentVariableNames.swift in Sources */ = {isa = PBXBuildFile; fileRef = 377BB3AE291CC98500730F97 /* EnvironmentVariableNames.swift */; };
		3782AD0C291EF98500CACAFA /* SFSafeSymbols in Frameworks */ = {isa = PBXBuildFile; productRef = 3782AD0B291EF98500CACAFA /* SFSafeSymbols */; };
		3782AD0E291EF9C700CACAFA /* Components in Frameworks */ = {isa = PBXBuildFile; productRef = 3782AD0D291EF9C700CACAFA /* Components */; };
		37A57FCD291EAB6300AEDD9B /* Analytics in Frameworks */ = {isa = PBXBuildFile; productRef = 37A57FCC291EAB6300AEDD9B /* Analytics */; };
		37A57FCF291EAB6300AEDD9B /* iHog in Frameworks */ = {isa = PBXBuildFile; productRef = 37A57FCE291EAB6300AEDD9B /* iHog */; };
		37A57FD1291EAB6300AEDD9B /* Utilities in Frameworks */ = {isa = PBXBuildFile; productRef = 37A57FD0291EAB6300AEDD9B /* Utilities */; };
		37F01BF02924AB39007A34DA /* Frontpanel in Frameworks */ = {isa = PBXBuildFile; productRef = 37F01BEF2924AB39007A34DA /* Frontpanel */; };
		37F4D017291CB950004D900B /* ComposableArchitecture in Frameworks */ = {isa = PBXBuildFile; productRef = 37F4D016291CB950004D900B /* ComposableArchitecture */; };
		37F4D01C291CBCD9004D900B /* TelemetryClient in Frameworks */ = {isa = PBXBuildFile; productRef = 37F4D01B291CBCD9004D900B /* TelemetryClient */; };
		37F4D01F291CBD33004D900B /* RevenueCat in Frameworks */ = {isa = PBXBuildFile; productRef = 37F4D01E291CBD33004D900B /* RevenueCat */; };
		37F4D025291CBE7F004D900B /* iHog.xcdatamodeld in Sources */ = {isa = PBXBuildFile; fileRef = 37F4D023291CBE7F004D900B /* iHog.xcdatamodeld */; };
/* End PBXBuildFile section */

/* Begin PBXFileReference section */
		370E22792920125D007235DC /* AppInfo.swift */ = {isa = PBXFileReference; lastKnownFileType = sourcecode.swift; path = AppInfo.swift; sourceTree = "<group>"; };
		37164424291C4561006683F3 /* iHogApp.app */ = {isa = PBXFileReference; explicitFileType = wrapper.application; includeInIndex = 0; path = iHogApp.app; sourceTree = BUILT_PRODUCTS_DIR; };
		37164427291C4561006683F3 /* iHogAppApp.swift */ = {isa = PBXFileReference; lastKnownFileType = sourcecode.swift; path = iHogAppApp.swift; sourceTree = "<group>"; };
		37164429291C4561006683F3 /* ContentView.swift */ = {isa = PBXFileReference; lastKnownFileType = sourcecode.swift; path = ContentView.swift; sourceTree = "<group>"; };
		3716442B291C4562006683F3 /* Assets.xcassets */ = {isa = PBXFileReference; lastKnownFileType = folder.assetcatalog; path = Assets.xcassets; sourceTree = "<group>"; };
		3716442E291C4562006683F3 /* Preview Assets.xcassets */ = {isa = PBXFileReference; lastKnownFileType = folder.assetcatalog; path = "Preview Assets.xcassets"; sourceTree = "<group>"; };
		37164430291C4562006683F3 /* Persistence.swift */ = {isa = PBXFileReference; lastKnownFileType = sourcecode.swift; path = Persistence.swift; sourceTree = "<group>"; };
		37164435291C4562006683F3 /* Info.plist */ = {isa = PBXFileReference; lastKnownFileType = text.plist.xml; path = Info.plist; sourceTree = "<group>"; };
		377BB3AE291CC98500730F97 /* EnvironmentVariableNames.swift */ = {isa = PBXFileReference; lastKnownFileType = sourcecode.swift; path = EnvironmentVariableNames.swift; sourceTree = "<group>"; };
		37A57FCB291EAA2200AEDD9B /* iHog */ = {isa = PBXFileReference; lastKnownFileType = wrapper; path = iHog; sourceTree = "<group>"; };
		37F4D024291CBE7F004D900B /* iHog.xcdatamodel */ = {isa = PBXFileReference; lastKnownFileType = wrapper.xcdatamodel; path = iHog.xcdatamodel; sourceTree = "<group>"; };
		69497AA929330EB3006E4BD4 /* iHogApp.entitlements */ = {isa = PBXFileReference; lastKnownFileType = text.plist.entitlements; path = iHogApp.entitlements; sourceTree = "<group>"; };
/* End PBXFileReference section */

/* Begin PBXFrameworksBuildPhase section */
		37164421291C4561006683F3 /* Frameworks */ = {
			isa = PBXFrameworksBuildPhase;
			buildActionMask = 2147483647;
			files = (
				3782AD0E291EF9C700CACAFA /* Components in Frameworks */,
				37F4D017291CB950004D900B /* ComposableArchitecture in Frameworks */,
				37A57FD1291EAB6300AEDD9B /* Utilities in Frameworks */,
				37F01BF02924AB39007A34DA /* Frontpanel in Frameworks */,
				37A57FCF291EAB6300AEDD9B /* iHog in Frameworks */,
				3782AD0C291EF98500CACAFA /* SFSafeSymbols in Frameworks */,
				37A57FCD291EAB6300AEDD9B /* Analytics in Frameworks */,
				37F4D01C291CBCD9004D900B /* TelemetryClient in Frameworks */,
				37F4D01F291CBD33004D900B /* RevenueCat in Frameworks */,
			);
			runOnlyForDeploymentPostprocessing = 0;
		};
/* End PBXFrameworksBuildPhase section */

/* Begin PBXGroup section */
		3716441B291C4561006683F3 = {
			isa = PBXGroup;
			children = (
				37A57FCB291EAA2200AEDD9B /* iHog */,
				37164426291C4561006683F3 /* iHogApp */,
				37164425291C4561006683F3 /* Products */,
				377BB3A8291CC50300730F97 /* Frameworks */,
			);
			sourceTree = "<group>";
		};
		37164425291C4561006683F3 /* Products */ = {
			isa = PBXGroup;
			children = (
				37164424291C4561006683F3 /* iHogApp.app */,
			);
			name = Products;
			sourceTree = "<group>";
		};
		37164426291C4561006683F3 /* iHogApp */ = {
			isa = PBXGroup;
			children = (
				69497AA929330EB3006E4BD4 /* iHogApp.entitlements */,
				377BB3AD291CC97400730F97 /* Helpers */,
				37F4D014291CB91E004D900B /* CoreData */,
				37F4D013291CB90F004D900B /* LifeCycle */,
				3716442B291C4562006683F3 /* Assets.xcassets */,
				37164435291C4562006683F3 /* Info.plist */,
				3716442D291C4562006683F3 /* Preview Content */,
			);
			path = iHogApp;
			sourceTree = "<group>";
		};
		3716442D291C4562006683F3 /* Preview Content */ = {
			isa = PBXGroup;
			children = (
				3716442E291C4562006683F3 /* Preview Assets.xcassets */,
			);
			path = "Preview Content";
			sourceTree = "<group>";
		};
		377BB3A8291CC50300730F97 /* Frameworks */ = {
			isa = PBXGroup;
			children = (
			);
			name = Frameworks;
			sourceTree = "<group>";
		};
		377BB3AD291CC97400730F97 /* Helpers */ = {
			isa = PBXGroup;
			children = (
				377BB3AE291CC98500730F97 /* EnvironmentVariableNames.swift */,
				370E22792920125D007235DC /* AppInfo.swift */,
			);
			path = Helpers;
			sourceTree = "<group>";
		};
		37F4D013291CB90F004D900B /* LifeCycle */ = {
			isa = PBXGroup;
			children = (
				37164427291C4561006683F3 /* iHogAppApp.swift */,
				37164429291C4561006683F3 /* ContentView.swift */,
			);
			path = LifeCycle;
			sourceTree = "<group>";
		};
		37F4D014291CB91E004D900B /* CoreData */ = {
			isa = PBXGroup;
			children = (
				37F4D023291CBE7F004D900B /* iHog.xcdatamodeld */,
				37164430291C4562006683F3 /* Persistence.swift */,
			);
			path = CoreData;
			sourceTree = "<group>";
		};
/* End PBXGroup section */

/* Begin PBXNativeTarget section */
		37164423291C4561006683F3 /* iHogApp */ = {
			isa = PBXNativeTarget;
			buildConfigurationList = 37164438291C4562006683F3 /* Build configuration list for PBXNativeTarget "iHogApp" */;
			buildPhases = (
				37164420291C4561006683F3 /* Sources */,
				37164421291C4561006683F3 /* Frameworks */,
				37164422291C4561006683F3 /* Resources */,
				6936B95D29327BAA0053CF96 /* ShellScript */,
			);
			buildRules = (
			);
			dependencies = (
			);
			name = iHogApp;
			packageProductDependencies = (
				37F4D016291CB950004D900B /* ComposableArchitecture */,
				37F4D01B291CBCD9004D900B /* TelemetryClient */,
				37F4D01E291CBD33004D900B /* RevenueCat */,
				37A57FCC291EAB6300AEDD9B /* Analytics */,
				37A57FCE291EAB6300AEDD9B /* iHog */,
				37A57FD0291EAB6300AEDD9B /* Utilities */,
				3782AD0B291EF98500CACAFA /* SFSafeSymbols */,
				3782AD0D291EF9C700CACAFA /* Components */,
				37F01BEF2924AB39007A34DA /* Frontpanel */,
			);
			productName = iHogApp;
			productReference = 37164424291C4561006683F3 /* iHogApp.app */;
			productType = "com.apple.product-type.application";
		};
/* End PBXNativeTarget section */

/* Begin PBXProject section */
		3716441C291C4561006683F3 /* Project object */ = {
			isa = PBXProject;
			attributes = {
				BuildIndependentTargetsInParallel = 1;
				LastSwiftUpdateCheck = 1410;
				LastUpgradeCheck = 1410;
				ORGANIZATIONNAME = "CCT Plus LLC";
				TargetAttributes = {
					37164423291C4561006683F3 = {
						CreatedOnToolsVersion = 14.1;
					};
				};
			};
			buildConfigurationList = 3716441F291C4561006683F3 /* Build configuration list for PBXProject "iHogApp" */;
			compatibilityVersion = "Xcode 14.0";
			developmentRegion = en;
			hasScannedForEncodings = 0;
			knownRegions = (
				en,
				Base,
			);
			mainGroup = 3716441B291C4561006683F3;
			packageReferences = (
				37F4D015291CB950004D900B /* XCRemoteSwiftPackageReference "swift-composable-architecture" */,
				37F4D01A291CBCD9004D900B /* XCRemoteSwiftPackageReference "SwiftClient" */,
				37F4D01D291CBD33004D900B /* XCRemoteSwiftPackageReference "purchases-ios" */,
				3782AD0A291EF98500CACAFA /* XCRemoteSwiftPackageReference "SFSafeSymbols" */,
			);
			productRefGroup = 37164425291C4561006683F3 /* Products */;
			projectDirPath = "";
			projectRoot = "";
			targets = (
				37164423291C4561006683F3 /* iHogApp */,
			);
		};
/* End PBXProject section */

/* Begin PBXResourcesBuildPhase section */
		37164422291C4561006683F3 /* Resources */ = {
			isa = PBXResourcesBuildPhase;
			buildActionMask = 2147483647;
			files = (
				3716442F291C4562006683F3 /* Preview Assets.xcassets in Resources */,
				3716442C291C4562006683F3 /* Assets.xcassets in Resources */,
			);
			runOnlyForDeploymentPostprocessing = 0;
		};
/* End PBXResourcesBuildPhase section */

/* Begin PBXShellScriptBuildPhase section */
		6936B95D29327BAA0053CF96 /* ShellScript */ = {
			isa = PBXShellScriptBuildPhase;
			alwaysOutOfDate = 1;
			buildActionMask = 2147483647;
			files = (
			);
			inputFileListPaths = (
			);
			inputPaths = (
			);
			outputFileListPaths = (
			);
			outputPaths = (
			);
			runOnlyForDeploymentPostprocessing = 0;
			shellPath = /bin/sh;
			shellScript = "if which swift-format >/dev/null; then\n    swift-format lint -r ${PROJECT_DIR} --configuration ~/Developer/ihog/.swift-format.json\n    exit 0\nelse\n    echo \"warning: swift-format not installed\"\nfi\n";
			showEnvVarsInLog = 0;
		};
/* End PBXShellScriptBuildPhase section */

/* Begin PBXSourcesBuildPhase section */
		37164420291C4561006683F3 /* Sources */ = {
			isa = PBXSourcesBuildPhase;
			buildActionMask = 2147483647;
			files = (
				37F4D025291CBE7F004D900B /* iHog.xcdatamodeld in Sources */,
				377BB3AF291CC98500730F97 /* EnvironmentVariableNames.swift in Sources */,
				37164431291C4562006683F3 /* Persistence.swift in Sources */,
				3716442A291C4561006683F3 /* ContentView.swift in Sources */,
				37164428291C4561006683F3 /* iHogAppApp.swift in Sources */,
				370E227A2920125D007235DC /* AppInfo.swift in Sources */,
			);
			runOnlyForDeploymentPostprocessing = 0;
		};
/* End PBXSourcesBuildPhase section */

/* Begin XCBuildConfiguration section */
		37164436291C4562006683F3 /* Debug */ = {
			isa = XCBuildConfiguration;
			buildSettings = {
				ALWAYS_SEARCH_USER_PATHS = NO;
				CLANG_ANALYZER_NONNULL = YES;
				CLANG_ANALYZER_NUMBER_OBJECT_CONVERSION = YES_AGGRESSIVE;
				CLANG_CXX_LANGUAGE_STANDARD = "gnu++20";
				CLANG_ENABLE_MODULES = YES;
				CLANG_ENABLE_OBJC_ARC = YES;
				CLANG_ENABLE_OBJC_WEAK = YES;
				CLANG_WARN_BLOCK_CAPTURE_AUTORELEASING = YES;
				CLANG_WARN_BOOL_CONVERSION = YES;
				CLANG_WARN_COMMA = YES;
				CLANG_WARN_CONSTANT_CONVERSION = YES;
				CLANG_WARN_DEPRECATED_OBJC_IMPLEMENTATIONS = YES;
				CLANG_WARN_DIRECT_OBJC_ISA_USAGE = YES_ERROR;
				CLANG_WARN_DOCUMENTATION_COMMENTS = YES;
				CLANG_WARN_EMPTY_BODY = YES;
				CLANG_WARN_ENUM_CONVERSION = YES;
				CLANG_WARN_INFINITE_RECURSION = YES;
				CLANG_WARN_INT_CONVERSION = YES;
				CLANG_WARN_NON_LITERAL_NULL_CONVERSION = YES;
				CLANG_WARN_OBJC_IMPLICIT_RETAIN_SELF = YES;
				CLANG_WARN_OBJC_LITERAL_CONVERSION = YES;
				CLANG_WARN_OBJC_ROOT_CLASS = YES_ERROR;
				CLANG_WARN_QUOTED_INCLUDE_IN_FRAMEWORK_HEADER = YES;
				CLANG_WARN_RANGE_LOOP_ANALYSIS = YES;
				CLANG_WARN_STRICT_PROTOTYPES = YES;
				CLANG_WARN_SUSPICIOUS_MOVE = YES;
				CLANG_WARN_UNGUARDED_AVAILABILITY = YES_AGGRESSIVE;
				CLANG_WARN_UNREACHABLE_CODE = YES;
				CLANG_WARN__DUPLICATE_METHOD_MATCH = YES;
				COPY_PHASE_STRIP = NO;
				DEBUG_INFORMATION_FORMAT = dwarf;
				ENABLE_STRICT_OBJC_MSGSEND = YES;
				ENABLE_TESTABILITY = YES;
				GCC_C_LANGUAGE_STANDARD = gnu11;
				GCC_DYNAMIC_NO_PIC = NO;
				GCC_NO_COMMON_BLOCKS = YES;
				GCC_OPTIMIZATION_LEVEL = 0;
				GCC_PREPROCESSOR_DEFINITIONS = (
					"DEBUG=1",
					"$(inherited)",
				);
				GCC_WARN_64_TO_32_BIT_CONVERSION = YES;
				GCC_WARN_ABOUT_RETURN_TYPE = YES_ERROR;
				GCC_WARN_UNDECLARED_SELECTOR = YES;
				GCC_WARN_UNINITIALIZED_AUTOS = YES_AGGRESSIVE;
				GCC_WARN_UNUSED_FUNCTION = YES;
				GCC_WARN_UNUSED_VARIABLE = YES;
				IPHONEOS_DEPLOYMENT_TARGET = 16.1;
				MTL_ENABLE_DEBUG_INFO = INCLUDE_SOURCE;
				MTL_FAST_MATH = YES;
				ONLY_ACTIVE_ARCH = YES;
				SDKROOT = iphoneos;
				SWIFT_ACTIVE_COMPILATION_CONDITIONS = DEBUG;
				SWIFT_OPTIMIZATION_LEVEL = "-Onone";
			};
			name = Debug;
		};
		37164437291C4562006683F3 /* Release */ = {
			isa = XCBuildConfiguration;
			buildSettings = {
				ALWAYS_SEARCH_USER_PATHS = NO;
				CLANG_ANALYZER_NONNULL = YES;
				CLANG_ANALYZER_NUMBER_OBJECT_CONVERSION = YES_AGGRESSIVE;
				CLANG_CXX_LANGUAGE_STANDARD = "gnu++20";
				CLANG_ENABLE_MODULES = YES;
				CLANG_ENABLE_OBJC_ARC = YES;
				CLANG_ENABLE_OBJC_WEAK = YES;
				CLANG_WARN_BLOCK_CAPTURE_AUTORELEASING = YES;
				CLANG_WARN_BOOL_CONVERSION = YES;
				CLANG_WARN_COMMA = YES;
				CLANG_WARN_CONSTANT_CONVERSION = YES;
				CLANG_WARN_DEPRECATED_OBJC_IMPLEMENTATIONS = YES;
				CLANG_WARN_DIRECT_OBJC_ISA_USAGE = YES_ERROR;
				CLANG_WARN_DOCUMENTATION_COMMENTS = YES;
				CLANG_WARN_EMPTY_BODY = YES;
				CLANG_WARN_ENUM_CONVERSION = YES;
				CLANG_WARN_INFINITE_RECURSION = YES;
				CLANG_WARN_INT_CONVERSION = YES;
				CLANG_WARN_NON_LITERAL_NULL_CONVERSION = YES;
				CLANG_WARN_OBJC_IMPLICIT_RETAIN_SELF = YES;
				CLANG_WARN_OBJC_LITERAL_CONVERSION = YES;
				CLANG_WARN_OBJC_ROOT_CLASS = YES_ERROR;
				CLANG_WARN_QUOTED_INCLUDE_IN_FRAMEWORK_HEADER = YES;
				CLANG_WARN_RANGE_LOOP_ANALYSIS = YES;
				CLANG_WARN_STRICT_PROTOTYPES = YES;
				CLANG_WARN_SUSPICIOUS_MOVE = YES;
				CLANG_WARN_UNGUARDED_AVAILABILITY = YES_AGGRESSIVE;
				CLANG_WARN_UNREACHABLE_CODE = YES;
				CLANG_WARN__DUPLICATE_METHOD_MATCH = YES;
				COPY_PHASE_STRIP = NO;
				DEBUG_INFORMATION_FORMAT = "dwarf-with-dsym";
				ENABLE_NS_ASSERTIONS = NO;
				ENABLE_STRICT_OBJC_MSGSEND = YES;
				GCC_C_LANGUAGE_STANDARD = gnu11;
				GCC_NO_COMMON_BLOCKS = YES;
				GCC_WARN_64_TO_32_BIT_CONVERSION = YES;
				GCC_WARN_ABOUT_RETURN_TYPE = YES_ERROR;
				GCC_WARN_UNDECLARED_SELECTOR = YES;
				GCC_WARN_UNINITIALIZED_AUTOS = YES_AGGRESSIVE;
				GCC_WARN_UNUSED_FUNCTION = YES;
				GCC_WARN_UNUSED_VARIABLE = YES;
				IPHONEOS_DEPLOYMENT_TARGET = 16.1;
				MTL_ENABLE_DEBUG_INFO = NO;
				MTL_FAST_MATH = YES;
				SDKROOT = iphoneos;
				SWIFT_COMPILATION_MODE = wholemodule;
				SWIFT_OPTIMIZATION_LEVEL = "-O";
				VALIDATE_PRODUCT = YES;
			};
			name = Release;
		};
		37164439291C4562006683F3 /* Debug */ = {
			isa = XCBuildConfiguration;
			buildSettings = {
				ASSETCATALOG_COMPILER_APPICON_NAME = AppIcon;
				ASSETCATALOG_COMPILER_GLOBAL_ACCENT_COLOR_NAME = AccentColor;
				CODE_SIGN_ENTITLEMENTS = iHogApp/iHogApp.entitlements;
				CODE_SIGN_STYLE = Automatic;
				CURRENT_PROJECT_VERSION = 1;
				DEVELOPMENT_ASSET_PATHS = "\"iHogApp/Preview Content\"";
				DEVELOPMENT_TEAM = ZDK82FGR3Z;
				ENABLE_PREVIEWS = YES;
				GENERATE_INFOPLIST_FILE = YES;
				INFOPLIST_KEY_UIApplicationSceneManifest_Generation = YES;
				INFOPLIST_KEY_UIApplicationSupportsIndirectInputEvents = YES;
				INFOPLIST_KEY_UILaunchScreen_Generation = YES;
				INFOPLIST_KEY_UISupportedInterfaceOrientations_iPad = "UIInterfaceOrientationPortrait UIInterfaceOrientationPortraitUpsideDown UIInterfaceOrientationLandscapeLeft UIInterfaceOrientationLandscapeRight";
				INFOPLIST_KEY_UISupportedInterfaceOrientations_iPhone = "UIInterfaceOrientationPortrait UIInterfaceOrientationLandscapeLeft UIInterfaceOrientationLandscapeRight";
				LD_RUNPATH_SEARCH_PATHS = (
					"$(inherited)",
					"@executable_path/Frameworks",
				);
				MARKETING_VERSION = 2022.7;
				PRODUCT_BUNDLE_IDENTIFIER = com.appsbymw.hogosc;
				PRODUCT_NAME = "$(TARGET_NAME)";
				SWIFT_EMIT_LOC_STRINGS = YES;
				SWIFT_VERSION = 5.0;
				TARGETED_DEVICE_FAMILY = "1,2";
			};
			name = Debug;
		};
		3716443A291C4562006683F3 /* Release */ = {
			isa = XCBuildConfiguration;
			buildSettings = {
				ASSETCATALOG_COMPILER_APPICON_NAME = AppIcon;
				ASSETCATALOG_COMPILER_GLOBAL_ACCENT_COLOR_NAME = AccentColor;
				CODE_SIGN_ENTITLEMENTS = iHogApp/iHogApp.entitlements;
				CODE_SIGN_STYLE = Automatic;
				CURRENT_PROJECT_VERSION = 1;
				DEVELOPMENT_ASSET_PATHS = "\"iHogApp/Preview Content\"";
				DEVELOPMENT_TEAM = ZDK82FGR3Z;
				ENABLE_PREVIEWS = YES;
				GENERATE_INFOPLIST_FILE = YES;
				INFOPLIST_KEY_UIApplicationSceneManifest_Generation = YES;
				INFOPLIST_KEY_UIApplicationSupportsIndirectInputEvents = YES;
				INFOPLIST_KEY_UILaunchScreen_Generation = YES;
				INFOPLIST_KEY_UISupportedInterfaceOrientations_iPad = "UIInterfaceOrientationPortrait UIInterfaceOrientationPortraitUpsideDown UIInterfaceOrientationLandscapeLeft UIInterfaceOrientationLandscapeRight";
				INFOPLIST_KEY_UISupportedInterfaceOrientations_iPhone = "UIInterfaceOrientationPortrait UIInterfaceOrientationLandscapeLeft UIInterfaceOrientationLandscapeRight";
				LD_RUNPATH_SEARCH_PATHS = (
					"$(inherited)",
					"@executable_path/Frameworks",
				);
				MARKETING_VERSION = 2022.7;
				PRODUCT_BUNDLE_IDENTIFIER = com.appsbymw.hogosc;
				PRODUCT_NAME = "$(TARGET_NAME)";
				SWIFT_EMIT_LOC_STRINGS = YES;
				SWIFT_VERSION = 5.0;
				TARGETED_DEVICE_FAMILY = "1,2";
			};
			name = Release;
		};
/* End XCBuildConfiguration section */

/* Begin XCConfigurationList section */
		3716441F291C4561006683F3 /* Build configuration list for PBXProject "iHogApp" */ = {
			isa = XCConfigurationList;
			buildConfigurations = (
				37164436291C4562006683F3 /* Debug */,
				37164437291C4562006683F3 /* Release */,
			);
			defaultConfigurationIsVisible = 0;
			defaultConfigurationName = Release;
		};
		37164438291C4562006683F3 /* Build configuration list for PBXNativeTarget "iHogApp" */ = {
			isa = XCConfigurationList;
			buildConfigurations = (
				37164439291C4562006683F3 /* Debug */,
				3716443A291C4562006683F3 /* Release */,
			);
			defaultConfigurationIsVisible = 0;
			defaultConfigurationName = Release;
		};
/* End XCConfigurationList section */

/* Begin XCRemoteSwiftPackageReference section */
		3782AD0A291EF98500CACAFA /* XCRemoteSwiftPackageReference "SFSafeSymbols" */ = {
			isa = XCRemoteSwiftPackageReference;
			repositoryURL = "https://github.com/SFSafeSymbols/SFSafeSymbols";
			requirement = {
				kind = upToNextMajorVersion;
				minimumVersion = 4.0.0;
			};
		};
		37F4D015291CB950004D900B /* XCRemoteSwiftPackageReference "swift-composable-architecture" */ = {
			isa = XCRemoteSwiftPackageReference;
			repositoryURL = "https://github.com/pointfreeco/swift-composable-architecture";
			requirement = {
				kind = upToNextMajorVersion;
				minimumVersion = 0.42.0;
			};
		};
		37F4D01A291CBCD9004D900B /* XCRemoteSwiftPackageReference "SwiftClient" */ = {
			isa = XCRemoteSwiftPackageReference;
			repositoryURL = "https://github.com/TelemetryDeck/SwiftClient";
			requirement = {
				kind = upToNextMajorVersion;
				minimumVersion = 1.2.0;
			};
		};
		37F4D01D291CBD33004D900B /* XCRemoteSwiftPackageReference "purchases-ios" */ = {
			isa = XCRemoteSwiftPackageReference;
			repositoryURL = "https://github.com/RevenueCat/purchases-ios.git";
			requirement = {
				kind = upToNextMajorVersion;
				minimumVersion = 4.0.0;
			};
		};
/* End XCRemoteSwiftPackageReference section */

/* Begin XCSwiftPackageProductDependency section */
		3782AD0B291EF98500CACAFA /* SFSafeSymbols */ = {
			isa = XCSwiftPackageProductDependency;
			package = 3782AD0A291EF98500CACAFA /* XCRemoteSwiftPackageReference "SFSafeSymbols" */;
			productName = SFSafeSymbols;
		};
		3782AD0D291EF9C700CACAFA /* Components */ = {
			isa = XCSwiftPackageProductDependency;
			productName = Components;
		};
		37A57FCC291EAB6300AEDD9B /* Analytics */ = {
			isa = XCSwiftPackageProductDependency;
			productName = Analytics;
		};
		37A57FCE291EAB6300AEDD9B /* iHog */ = {
			isa = XCSwiftPackageProductDependency;
			productName = iHog;
		};
		37A57FD0291EAB6300AEDD9B /* Utilities */ = {
			isa = XCSwiftPackageProductDependency;
			productName = Utilities;
		};
		37F01BEF2924AB39007A34DA /* Frontpanel */ = {
			isa = XCSwiftPackageProductDependency;
			productName = Frontpanel;
		};
		37F4D016291CB950004D900B /* ComposableArchitecture */ = {
			isa = XCSwiftPackageProductDependency;
			package = 37F4D015291CB950004D900B /* XCRemoteSwiftPackageReference "swift-composable-architecture" */;
			productName = ComposableArchitecture;
		};
		37F4D01B291CBCD9004D900B /* TelemetryClient */ = {
			isa = XCSwiftPackageProductDependency;
			package = 37F4D01A291CBCD9004D900B /* XCRemoteSwiftPackageReference "SwiftClient" */;
			productName = TelemetryClient;
		};
		37F4D01E291CBD33004D900B /* RevenueCat */ = {
			isa = XCSwiftPackageProductDependency;
			package = 37F4D01D291CBD33004D900B /* XCRemoteSwiftPackageReference "purchases-ios" */;
			productName = RevenueCat;
		};
/* End XCSwiftPackageProductDependency section */

/* Begin XCVersionGroup section */
		37F4D023291CBE7F004D900B /* iHog.xcdatamodeld */ = {
			isa = XCVersionGroup;
			children = (
				37F4D024291CBE7F004D900B /* iHog.xcdatamodel */,
			);
			currentVersion = 37F4D024291CBE7F004D900B /* iHog.xcdatamodel */;
			path = iHog.xcdatamodeld;
			sourceTree = "<group>";
			versionGroupType = wrapper.xcdatamodel;
		};
/* End XCVersionGroup section */
	};
	rootObject = 3716441C291C4561006683F3 /* Project object */;
}
